
Microsoft Visual Studio Solution File, Format Version 12.00
# Visual Studio Version 17
VisualStudioVersion = 17.0.31912.275
MinimumVisualStudioVersion = 10.0.40219.1
Project("{9A19103F-16F7-4668-BE54-9A1E7A4F7556}") = "Negrisan_Mihai_Lab2", "Negrisan_Mihai_Lab2.csproj", "{C0A60C76-7AE2-4913-BA75-D41AE0CD492D}"
EndProject
Project("{9A19103F-16F7-4668-BE54-9A1E7A4F7556}") = "LibraryModel", "..\LibraryModel\LibraryModel.csproj", "{80598AC8-0238-4911-902D-D509F8219572}"
EndProject
Project("{9A19103F-16F7-4668-BE54-9A1E7A4F7556}") = "LibraryWebAPI", "..\LibraryWebAPI\LibraryWebAPI.csproj", "{45AA0918-5614-47BF-B45A-F4E73610E0D8}"
EndProject
Project("{FAE04EC0-301F-11D3-BF4B-00C04F79EFBC}") = "GrpcCustomersService", "..\GrpcCustomersService\GrpcCustomersService.csproj", "{5951BD46-7D89-4132-8722-86ED66905546}"
EndProject
Global
	GlobalSection(SolutionConfigurationPlatforms) = preSolution
		Debug|Any CPU = Debug|Any CPU
		Release|Any CPU = Release|Any CPU
	EndGlobalSection
	GlobalSection(ProjectConfigurationPlatforms) = postSolution
		{C0A60C76-7AE2-4913-BA75-D41AE0CD492D}.Debug|Any CPU.ActiveCfg = Debug|Any CPU
		{C0A60C76-7AE2-4913-BA75-D41AE0CD492D}.Debug|Any CPU.Build.0 = Debug|Any CPU
		{C0A60C76-7AE2-4913-BA75-D41AE0CD492D}.Release|Any CPU.ActiveCfg = Release|Any CPU
		{C0A60C76-7AE2-4913-BA75-D41AE0CD492D}.Release|Any CPU.Build.0 = Release|Any CPU
		{80598AC8-0238-4911-902D-D509F8219572}.Debug|Any CPU.ActiveCfg = Debug|Any CPU
		{80598AC8-0238-4911-902D-D509F8219572}.Debug|Any CPU.Build.0 = Debug|Any CPU
		{80598AC8-0238-4911-902D-D509F8219572}.Release|Any CPU.ActiveCfg = Release|Any CPU
		{80598AC8-0238-4911-902D-D509F8219572}.Release|Any CPU.Build.0 = Release|Any CPU
		{45AA0918-5614-47BF-B45A-F4E73610E0D8}.Debug|Any CPU.ActiveCfg = Debug|Any CPU
		{45AA0918-5614-47BF-B45A-F4E73610E0D8}.Debug|Any CPU.Build.0 = Debug|Any CPU
		{45AA0918-5614-47BF-B45A-F4E73610E0D8}.Release|Any CPU.ActiveCfg = Release|Any CPU
		{45AA0918-5614-47BF-B45A-F4E73610E0D8}.Release|Any CPU.Build.0 = Release|Any CPU
		{5951BD46-7D89-4132-8722-86ED66905546}.Debug|Any CPU.ActiveCfg = Debug|Any CPU
		{5951BD46-7D89-4132-8722-86ED66905546}.Debug|Any CPU.Build.0 = Debug|Any CPU
		{5951BD46-7D89-4132-8722-86ED66905546}.Release|Any CPU.ActiveCfg = Release|Any CPU
		{5951BD46-7D89-4132-8722-86ED66905546}.Release|Any CPU.Build.0 = Release|Any CPU
	EndGlobalSection
	GlobalSection(SolutionProperties) = preSolution
		HideSolutionNode = FALSE
	EndGlobalSection
	GlobalSection(ExtensibilityGlobals) = postSolution
		SolutionGuid = {268F3888-EC81-45E5-9CB5-D15BF60C3C97}
	EndGlobalSection
EndGlobal
